
Microsoft Visual Studio Solution File, Format Version 12.00
# Visual Studio Version 17
VisualStudioVersion = 17.9.34728.123
MinimumVisualStudioVersion = 10.0.40219.1
Project("{9A19103F-16F7-4668-BE54-9A1E7A4F7556}") = "WebAPI", "WebAPI.csproj", "{2312D1D9-94AE-4FEC-8B7D-F5ECDA778BEF}"
EndProject
Project("{FAE04EC0-301F-11D3-BF4B-00C04F79EFBC}") = "Application", "..\Application\Application.csproj", "{479D1AE2-0583-4327-B535-79680C1625EA}"
EndProject
Project("{FAE04EC0-301F-11D3-BF4B-00C04F79EFBC}") = "Domain", "..\Domain\Domain.csproj", "{39F629E0-0A8D-4613-8237-C31AFC73D49A}"
EndProject
Global
	GlobalSection(SolutionConfigurationPlatforms) = preSolution
		Debug|Any CPU = Debug|Any CPU
		Release|Any CPU = Release|Any CPU
	EndGlobalSection
	GlobalSection(ProjectConfigurationPlatforms) = postSolution
		{2312D1D9-94AE-4FEC-8B7D-F5ECDA778BEF}.Debug|Any CPU.ActiveCfg = Debug|Any CPU
		{2312D1D9-94AE-4FEC-8B7D-F5ECDA778BEF}.Debug|Any CPU.Build.0 = Debug|Any CPU
		{2312D1D9-94AE-4FEC-8B7D-F5ECDA778BEF}.Release|Any CPU.ActiveCfg = Release|Any CPU
		{2312D1D9-94AE-4FEC-8B7D-F5ECDA778BEF}.Release|Any CPU.Build.0 = Release|Any CPU
		{479D1AE2-0583-4327-B535-79680C1625EA}.Debug|Any CPU.ActiveCfg = Debug|Any CPU
		{479D1AE2-0583-4327-B535-79680C1625EA}.Debug|Any CPU.Build.0 = Debug|Any CPU
		{479D1AE2-0583-4327-B535-79680C1625EA}.Release|Any CPU.ActiveCfg = Release|Any CPU
		{479D1AE2-0583-4327-B535-79680C1625EA}.Release|Any CPU.Build.0 = Release|Any CPU
		{39F629E0-0A8D-4613-8237-C31AFC73D49A}.Debug|Any CPU.ActiveCfg = Debug|Any CPU
		{39F629E0-0A8D-4613-8237-C31AFC73D49A}.Debug|Any CPU.Build.0 = Debug|Any CPU
		{39F629E0-0A8D-4613-8237-C31AFC73D49A}.Release|Any CPU.ActiveCfg = Release|Any CPU
		{39F629E0-0A8D-4613-8237-C31AFC73D49A}.Release|Any CPU.Build.0 = Release|Any CPU
	EndGlobalSection
	GlobalSection(SolutionProperties) = preSolution
		HideSolutionNode = FALSE
	EndGlobalSection
	GlobalSection(ExtensibilityGlobals) = postSolution
		SolutionGuid = {A06E0EA1-9281-44F8-8D2D-419E3D682BC2}
	EndGlobalSection
EndGlobal
